// !$*UTF8*$!
{
	archiveVersion = 1;
	classes = {
	};
	objectVersion = 50;
	objects = {

/* Begin PBXBuildFile section */
		8B668C5F229E7B0E00F9B0CC /* AppDelegate.swift in Sources */ = {isa = PBXBuildFile; fileRef = 8B668C5E229E7B0E00F9B0CC /* AppDelegate.swift */; };
		8B668C61229E7B0E00F9B0CC /* ViewController.swift in Sources */ = {isa = PBXBuildFile; fileRef = 8B668C60229E7B0E00F9B0CC /* ViewController.swift */; };
		8B668C64229E7B0E00F9B0CC /* Main.storyboard in Resources */ = {isa = PBXBuildFile; fileRef = 8B668C62229E7B0E00F9B0CC /* Main.storyboard */; };
		8B668C66229E7B1000F9B0CC /* Assets.xcassets in Resources */ = {isa = PBXBuildFile; fileRef = 8B668C65229E7B1000F9B0CC /* Assets.xcassets */; };
		8B668C69229E7B1000F9B0CC /* LaunchScreen.storyboard in Resources */ = {isa = PBXBuildFile; fileRef = 8B668C67229E7B1000F9B0CC /* LaunchScreen.storyboard */; };
		8B668C78229E7BA100F9B0CC /* EndPointType.swift in Sources */ = {isa = PBXBuildFile; fileRef = 8B668C77229E7BA100F9B0CC /* EndPointType.swift */; };
		8B668C7A229E7C5700F9B0CC /* HTTPMethod.swift in Sources */ = {isa = PBXBuildFile; fileRef = 8B668C79229E7C5700F9B0CC /* HTTPMethod.swift */; };
		8B668C7C229E7CC600F9B0CC /* HTTPTask.swift in Sources */ = {isa = PBXBuildFile; fileRef = 8B668C7B229E7CC600F9B0CC /* HTTPTask.swift */; };
		8B668C7E229E7DA800F9B0CC /* ParameterEncoding.swift in Sources */ = {isa = PBXBuildFile; fileRef = 8B668C7D229E7DA800F9B0CC /* ParameterEncoding.swift */; };
		8B668C80229E7E9300F9B0CC /* URLParameterEncoder.swift in Sources */ = {isa = PBXBuildFile; fileRef = 8B668C7F229E7E9300F9B0CC /* URLParameterEncoder.swift */; };
		8B668C82229E90EC00F9B0CC /* JSONParameterEncoder.swift in Sources */ = {isa = PBXBuildFile; fileRef = 8B668C81229E90EC00F9B0CC /* JSONParameterEncoder.swift */; };
		8B668C84229E91B800F9B0CC /* RouterProtocol.swift in Sources */ = {isa = PBXBuildFile; fileRef = 8B668C83229E91B800F9B0CC /* RouterProtocol.swift */; };
		8B668C86229E92FB00F9B0CC /* Router.swift in Sources */ = {isa = PBXBuildFile; fileRef = 8B668C85229E92FB00F9B0CC /* Router.swift */; };
/* End PBXBuildFile section */

/* Begin PBXFileReference section */
		8B668C5B229E7B0E00F9B0CC /* NetworkingLibrary.app */ = {isa = PBXFileReference; explicitFileType = wrapper.application; includeInIndex = 0; path = NetworkingLibrary.app; sourceTree = BUILT_PRODUCTS_DIR; };
		8B668C5E229E7B0E00F9B0CC /* AppDelegate.swift */ = {isa = PBXFileReference; lastKnownFileType = sourcecode.swift; path = AppDelegate.swift; sourceTree = "<group>"; };
		8B668C60229E7B0E00F9B0CC /* ViewController.swift */ = {isa = PBXFileReference; lastKnownFileType = sourcecode.swift; path = ViewController.swift; sourceTree = "<group>"; };
		8B668C63229E7B0E00F9B0CC /* Base */ = {isa = PBXFileReference; lastKnownFileType = file.storyboard; name = Base; path = Base.lproj/Main.storyboard; sourceTree = "<group>"; };
		8B668C65229E7B1000F9B0CC /* Assets.xcassets */ = {isa = PBXFileReference; lastKnownFileType = folder.assetcatalog; path = Assets.xcassets; sourceTree = "<group>"; };
		8B668C68229E7B1000F9B0CC /* Base */ = {isa = PBXFileReference; lastKnownFileType = file.storyboard; name = Base; path = Base.lproj/LaunchScreen.storyboard; sourceTree = "<group>"; };
		8B668C6A229E7B1000F9B0CC /* Info.plist */ = {isa = PBXFileReference; lastKnownFileType = text.plist.xml; path = Info.plist; sourceTree = "<group>"; };
		8B668C77229E7BA100F9B0CC /* EndPointType.swift */ = {isa = PBXFileReference; lastKnownFileType = sourcecode.swift; path = EndPointType.swift; sourceTree = "<group>"; };
		8B668C79229E7C5700F9B0CC /* HTTPMethod.swift */ = {isa = PBXFileReference; lastKnownFileType = sourcecode.swift; path = HTTPMethod.swift; sourceTree = "<group>"; };
		8B668C7B229E7CC600F9B0CC /* HTTPTask.swift */ = {isa = PBXFileReference; lastKnownFileType = sourcecode.swift; path = HTTPTask.swift; sourceTree = "<group>"; };
		8B668C7D229E7DA800F9B0CC /* ParameterEncoding.swift */ = {isa = PBXFileReference; lastKnownFileType = sourcecode.swift; path = ParameterEncoding.swift; sourceTree = "<group>"; };
		8B668C7F229E7E9300F9B0CC /* URLParameterEncoder.swift */ = {isa = PBXFileReference; lastKnownFileType = sourcecode.swift; path = URLParameterEncoder.swift; sourceTree = "<group>"; };
		8B668C81229E90EC00F9B0CC /* JSONParameterEncoder.swift */ = {isa = PBXFileReference; lastKnownFileType = sourcecode.swift; path = JSONParameterEncoder.swift; sourceTree = "<group>"; };
		8B668C83229E91B800F9B0CC /* RouterProtocol.swift */ = {isa = PBXFileReference; lastKnownFileType = sourcecode.swift; path = RouterProtocol.swift; sourceTree = "<group>"; };
		8B668C85229E92FB00F9B0CC /* Router.swift */ = {isa = PBXFileReference; lastKnownFileType = sourcecode.swift; path = Router.swift; sourceTree = "<group>"; };
/* End PBXFileReference section */

/* Begin PBXFrameworksBuildPhase section */
		8B668C58229E7B0E00F9B0CC /* Frameworks */ = {
			isa = PBXFrameworksBuildPhase;
			buildActionMask = 2147483647;
			files = (
			);
			runOnlyForDeploymentPostprocessing = 0;
		};
/* End PBXFrameworksBuildPhase section */

/* Begin PBXGroup section */
		8B668C52229E7B0E00F9B0CC = {
			isa = PBXGroup;
			children = (
				8B668C5D229E7B0E00F9B0CC /* NetworkingLibrary */,
				8B668C5C229E7B0E00F9B0CC /* Products */,
			);
			sourceTree = "<group>";
		};
		8B668C5C229E7B0E00F9B0CC /* Products */ = {
			isa = PBXGroup;
			children = (
				8B668C5B229E7B0E00F9B0CC /* NetworkingLibrary.app */,
			);
			name = Products;
			sourceTree = "<group>";
		};
		8B668C5D229E7B0E00F9B0CC /* NetworkingLibrary */ = {
			isa = PBXGroup;
			children = (
				8B668C72229E7B6A00F9B0CC /* Networking */,
				8B668C5E229E7B0E00F9B0CC /* AppDelegate.swift */,
				8B668C60229E7B0E00F9B0CC /* ViewController.swift */,
				8B668C62229E7B0E00F9B0CC /* Main.storyboard */,
				8B668C65229E7B1000F9B0CC /* Assets.xcassets */,
				8B668C67229E7B1000F9B0CC /* LaunchScreen.storyboard */,
				8B668C6A229E7B1000F9B0CC /* Info.plist */,
			);
			path = NetworkingLibrary;
			sourceTree = "<group>";
		};
		8B668C72229E7B6A00F9B0CC /* Networking */ = {
			isa = PBXGroup;
			children = (
				8B668C73229E7B6A00F9B0CC /* Encoding */,
				8B668C74229E7B6A00F9B0CC /* Manager */,
				8B668C75229E7B6A00F9B0CC /* EndPoint */,
				8B668C76229E7B6A00F9B0CC /* Service */,
			);
			path = Networking;
			sourceTree = "<group>";
		};
		8B668C73229E7B6A00F9B0CC /* Encoding */ = {
			isa = PBXGroup;
			children = (
				8B668C7D229E7DA800F9B0CC /* ParameterEncoding.swift */,
				8B668C7F229E7E9300F9B0CC /* URLParameterEncoder.swift */,
				8B668C81229E90EC00F9B0CC /* JSONParameterEncoder.swift */,
			);
			path = Encoding;
			sourceTree = "<group>";
		};
		8B668C74229E7B6A00F9B0CC /* Manager */ = {
			isa = PBXGroup;
			children = (
			);
			path = Manager;
			sourceTree = "<group>";
		};
		8B668C75229E7B6A00F9B0CC /* EndPoint */ = {
			isa = PBXGroup;
			children = (
			);
			path = EndPoint;
			sourceTree = "<group>";
		};
		8B668C76229E7B6A00F9B0CC /* Service */ = {
			isa = PBXGroup;
			children = (
				8B668C77229E7BA100F9B0CC /* EndPointType.swift */,
				8B668C79229E7C5700F9B0CC /* HTTPMethod.swift */,
				8B668C7B229E7CC600F9B0CC /* HTTPTask.swift */,
				8B668C83229E91B800F9B0CC /* RouterProtocol.swift */,
				8B668C85229E92FB00F9B0CC /* Router.swift */,
			);
			path = Service;
			sourceTree = "<group>";
		};
/* End PBXGroup section */

/* Begin PBXNativeTarget section */
		8B668C5A229E7B0E00F9B0CC /* NetworkingLibrary */ = {
			isa = PBXNativeTarget;
			buildConfigurationList = 8B668C6D229E7B1000F9B0CC /* Build configuration list for PBXNativeTarget "NetworkingLibrary" */;
			buildPhases = (
				8B668C57229E7B0E00F9B0CC /* Sources */,
				8B668C58229E7B0E00F9B0CC /* Frameworks */,
				8B668C59229E7B0E00F9B0CC /* Resources */,
			);
			buildRules = (
			);
			dependencies = (
			);
			name = NetworkingLibrary;
			productName = NetworkingLibrary;
			productReference = 8B668C5B229E7B0E00F9B0CC /* NetworkingLibrary.app */;
			productType = "com.apple.product-type.application";
		};
/* End PBXNativeTarget section */

/* Begin PBXProject section */
		8B668C53229E7B0E00F9B0CC /* Project object */ = {
			isa = PBXProject;
			attributes = {
				LastSwiftUpdateCheck = 1010;
				LastUpgradeCheck = 1010;
				ORGANIZATIONNAME = "Varun Rathi";
				TargetAttributes = {
					8B668C5A229E7B0E00F9B0CC = {
						CreatedOnToolsVersion = 10.1;
					};
				};
			};
			buildConfigurationList = 8B668C56229E7B0E00F9B0CC /* Build configuration list for PBXProject "NetworkingLibrary" */;
			compatibilityVersion = "Xcode 9.3";
			developmentRegion = en;
			hasScannedForEncodings = 0;
			knownRegions = (
				en,
				Base,
			);
			mainGroup = 8B668C52229E7B0E00F9B0CC;
			productRefGroup = 8B668C5C229E7B0E00F9B0CC /* Products */;
			projectDirPath = "";
			projectRoot = "";
			targets = (
				8B668C5A229E7B0E00F9B0CC /* NetworkingLibrary */,
			);
		};
/* End PBXProject section */

/* Begin PBXResourcesBuildPhase section */
		8B668C59229E7B0E00F9B0CC /* Resources */ = {
			isa = PBXResourcesBuildPhase;
			buildActionMask = 2147483647;
			files = (
				8B668C69229E7B1000F9B0CC /* LaunchScreen.storyboard in Resources */,
				8B668C66229E7B1000F9B0CC /* Assets.xcassets in Resources */,
				8B668C64229E7B0E00F9B0CC /* Main.storyboard in Resources */,
			);
			runOnlyForDeploymentPostprocessing = 0;
		};
/* End PBXResourcesBuildPhase section */

/* Begin PBXSourcesBuildPhase section */
		8B668C57229E7B0E00F9B0CC /* Sources */ = {
			isa = PBXSourcesBuildPhase;
			buildActionMask = 2147483647;
			files = (
				8B668C82229E90EC00F9B0CC /* JSONParameterEncoder.swift in Sources */,
				8B668C7E229E7DA800F9B0CC /* ParameterEncoding.swift in Sources */,
				8B668C86229E92FB00F9B0CC /* Router.swift in Sources */,
				8B668C7A229E7C5700F9B0CC /* HTTPMethod.swift in Sources */,
				8B668C7C229E7CC600F9B0CC /* HTTPTask.swift in Sources */,
				8B668C84229E91B800F9B0CC /* RouterProtocol.swift in Sources */,
				8B668C61229E7B0E00F9B0CC /* ViewController.swift in Sources */,
				8B668C80229E7E9300F9B0CC /* URLParameterEncoder.swift in Sources */,
				8B668C5F229E7B0E00F9B0CC /* AppDelegate.swift in Sources */,
				8B668C78229E7BA100F9B0CC /* EndPointType.swift in Sources */,
			);
			runOnlyForDeploymentPostprocessing = 0;
		};
/* End PBXSourcesBuildPhase section */

/* Begin PBXVariantGroup section */
		8B668C62229E7B0E00F9B0CC /* Main.storyboard */ = {
			isa = PBXVariantGroup;
			children = (
				8B668C63229E7B0E00F9B0CC /* Base */,
			);
			name = Main.storyboard;
			sourceTree = "<group>";
		};
		8B668C67229E7B1000F9B0CC /* LaunchScreen.storyboard */ = {
			isa = PBXVariantGroup;
			children = (
				8B668C68229E7B1000F9B0CC /* Base */,
			);
			name = LaunchScreen.storyboard;
			sourceTree = "<group>";
		};
/* End PBXVariantGroup section */

/* Begin XCBuildConfiguration section */
		8B668C6B229E7B1000F9B0CC /* Debug */ = {
			isa = XCBuildConfiguration;
			buildSettings = {
				ALWAYS_SEARCH_USER_PATHS = NO;
				CLANG_ANALYZER_NONNULL = YES;
				CLANG_ANALYZER_NUMBER_OBJECT_CONVERSION = YES_AGGRESSIVE;
				CLANG_CXX_LANGUAGE_STANDARD = "gnu++14";
				CLANG_CXX_LIBRARY = "libc++";
				CLANG_ENABLE_MODULES = YES;
				CLANG_ENABLE_OBJC_ARC = YES;
				CLANG_ENABLE_OBJC_WEAK = YES;
				CLANG_WARN_BLOCK_CAPTURE_AUTORELEASING = YES;
				CLANG_WARN_BOOL_CONVERSION = YES;
				CLANG_WARN_COMMA = YES;
				CLANG_WARN_CONSTANT_CONVERSION = YES;
				CLANG_WARN_DEPRECATED_OBJC_IMPLEMENTATIONS = YES;
				CLANG_WARN_DIRECT_OBJC_ISA_USAGE = YES_ERROR;
				CLANG_WARN_DOCUMENTATION_COMMENTS = YES;
				CLANG_WARN_EMPTY_BODY = YES;
				CLANG_WARN_ENUM_CONVERSION = YES;
				CLANG_WARN_INFINITE_RECURSION = YES;
				CLANG_WARN_INT_CONVERSION = YES;
				CLANG_WARN_NON_LITERAL_NULL_CONVERSION = YES;
				CLANG_WARN_OBJC_IMPLICIT_RETAIN_SELF = YES;
				CLANG_WARN_OBJC_LITERAL_CONVERSION = YES;
				CLANG_WARN_OBJC_ROOT_CLASS = YES_ERROR;
				CLANG_WARN_RANGE_LOOP_ANALYSIS = YES;
				CLANG_WARN_STRICT_PROTOTYPES = YES;
				CLANG_WARN_SUSPICIOUS_MOVE = YES;
				CLANG_WARN_UNGUARDED_AVAILABILITY = YES_AGGRESSIVE;
				CLANG_WARN_UNREACHABLE_CODE = YES;
				CLANG_WARN__DUPLICATE_METHOD_MATCH = YES;
				CODE_SIGN_IDENTITY = "iPhone Developer";
				COPY_PHASE_STRIP = NO;
				DEBUG_INFORMATION_FORMAT = dwarf;
				ENABLE_STRICT_OBJC_MSGSEND = YES;
				ENABLE_TESTABILITY = YES;
				GCC_C_LANGUAGE_STANDARD = gnu11;
				GCC_DYNAMIC_NO_PIC = NO;
				GCC_NO_COMMON_BLOCKS = YES;
				GCC_OPTIMIZATION_LEVEL = 0;
				GCC_PREPROCESSOR_DEFINITIONS = (
					"DEBUG=1",
					"$(inherited)",
				);
				GCC_WARN_64_TO_32_BIT_CONVERSION = YES;
				GCC_WARN_ABOUT_RETURN_TYPE = YES_ERROR;
				GCC_WARN_UNDECLARED_SELECTOR = YES;
				GCC_WARN_UNINITIALIZED_AUTOS = YES_AGGRESSIVE;
				GCC_WARN_UNUSED_FUNCTION = YES;
				GCC_WARN_UNUSED_VARIABLE = YES;
				IPHONEOS_DEPLOYMENT_TARGET = 12.1;
				MTL_ENABLE_DEBUG_INFO = INCLUDE_SOURCE;
				MTL_FAST_MATH = YES;
				ONLY_ACTIVE_ARCH = YES;
				SDKROOT = iphoneos;
				SWIFT_ACTIVE_COMPILATION_CONDITIONS = DEBUG;
				SWIFT_OPTIMIZATION_LEVEL = "-Onone";
			};
			name = Debug;
		};
		8B668C6C229E7B1000F9B0CC /* Release */ = {
			isa = XCBuildConfiguration;
			buildSettings = {
				ALWAYS_SEARCH_USER_PATHS = NO;
				CLANG_ANALYZER_NONNULL = YES;
				CLANG_ANALYZER_NUMBER_OBJECT_CONVERSION = YES_AGGRESSIVE;
				CLANG_CXX_LANGUAGE_STANDARD = "gnu++14";
				CLANG_CXX_LIBRARY = "libc++";
				CLANG_ENABLE_MODULES = YES;
				CLANG_ENABLE_OBJC_ARC = YES;
				CLANG_ENABLE_OBJC_WEAK = YES;
				CLANG_WARN_BLOCK_CAPTURE_AUTORELEASING = YES;
				CLANG_WARN_BOOL_CONVERSION = YES;
				CLANG_WARN_COMMA = YES;
				CLANG_WARN_CONSTANT_CONVERSION = YES;
				CLANG_WARN_DEPRECATED_OBJC_IMPLEMENTATIONS = YES;
				CLANG_WARN_DIRECT_OBJC_ISA_USAGE = YES_ERROR;
				CLANG_WARN_DOCUMENTATION_COMMENTS = YES;
				CLANG_WARN_EMPTY_BODY = YES;
				CLANG_WARN_ENUM_CONVERSION = YES;
				CLANG_WARN_INFINITE_RECURSION = YES;
				CLANG_WARN_INT_CONVERSION = YES;
				CLANG_WARN_NON_LITERAL_NULL_CONVERSION = YES;
				CLANG_WARN_OBJC_IMPLICIT_RETAIN_SELF = YES;
				CLANG_WARN_OBJC_LITERAL_CONVERSION = YES;
				CLANG_WARN_OBJC_ROOT_CLASS = YES_ERROR;
				CLANG_WARN_RANGE_LOOP_ANALYSIS = YES;
				CLANG_WARN_STRICT_PROTOTYPES = YES;
				CLANG_WARN_SUSPICIOUS_MOVE = YES;
				CLANG_WARN_UNGUARDED_AVAILABILITY = YES_AGGRESSIVE;
				CLANG_WARN_UNREACHABLE_CODE = YES;
				CLANG_WARN__DUPLICATE_METHOD_MATCH = YES;
				CODE_SIGN_IDENTITY = "iPhone Developer";
				COPY_PHASE_STRIP = NO;
				DEBUG_INFORMATION_FORMAT = "dwarf-with-dsym";
				ENABLE_NS_ASSERTIONS = NO;
				ENABLE_STRICT_OBJC_MSGSEND = YES;
				GCC_C_LANGUAGE_STANDARD = gnu11;
				GCC_NO_COMMON_BLOCKS = YES;
				GCC_WARN_64_TO_32_BIT_CONVERSION = YES;
				GCC_WARN_ABOUT_RETURN_TYPE = YES_ERROR;
				GCC_WARN_UNDECLARED_SELECTOR = YES;
				GCC_WARN_UNINITIALIZED_AUTOS = YES_AGGRESSIVE;
				GCC_WARN_UNUSED_FUNCTION = YES;
				GCC_WARN_UNUSED_VARIABLE = YES;
				IPHONEOS_DEPLOYMENT_TARGET = 12.1;
				MTL_ENABLE_DEBUG_INFO = NO;
				MTL_FAST_MATH = YES;
				SDKROOT = iphoneos;
				SWIFT_COMPILATION_MODE = wholemodule;
				SWIFT_OPTIMIZATION_LEVEL = "-O";
				VALIDATE_PRODUCT = YES;
			};
			name = Release;
		};
		8B668C6E229E7B1000F9B0CC /* Debug */ = {
			isa = XCBuildConfiguration;
			buildSettings = {
				ASSETCATALOG_COMPILER_APPICON_NAME = AppIcon;
				CODE_SIGN_STYLE = Automatic;
				INFOPLIST_FILE = NetworkingLibrary/Info.plist;
				LD_RUNPATH_SEARCH_PATHS = (
					"$(inherited)",
					"@executable_path/Frameworks",
				);
				PRODUCT_BUNDLE_IDENTIFIER = com.vrat28.NetworkingLibrary;
				PRODUCT_NAME = "$(TARGET_NAME)";
				SWIFT_VERSION = 4.2;
				TARGETED_DEVICE_FAMILY = "1,2";
			};
			name = Debug;
		};
		8B668C6F229E7B1000F9B0CC /* Release */ = {
			isa = XCBuildConfiguration;
			buildSettings = {
				ASSETCATALOG_COMPILER_APPICON_NAME = AppIcon;
				CODE_SIGN_STYLE = Automatic;
				INFOPLIST_FILE = NetworkingLibrary/Info.plist;
				LD_RUNPATH_SEARCH_PATHS = (
					"$(inherited)",
					"@executable_path/Frameworks",
				);
				PRODUCT_BUNDLE_IDENTIFIER = com.vrat28.NetworkingLibrary;
				PRODUCT_NAME = "$(TARGET_NAME)";
				SWIFT_VERSION = 4.2;
				TARGETED_DEVICE_FAMILY = "1,2";
			};
			name = Release;
		};
/* End XCBuildConfiguration section */

/* Begin XCConfigurationList section */
		8B668C56229E7B0E00F9B0CC /* Build configuration list for PBXProject "NetworkingLibrary" */ = {
			isa = XCConfigurationList;
			buildConfigurations = (
				8B668C6B229E7B1000F9B0CC /* Debug */,
				8B668C6C229E7B1000F9B0CC /* Release */,
			);
			defaultConfigurationIsVisible = 0;
			defaultConfigurationName = Release;
		};
		8B668C6D229E7B1000F9B0CC /* Build configuration list for PBXNativeTarget "NetworkingLibrary" */ = {
			isa = XCConfigurationList;
			buildConfigurations = (
				8B668C6E229E7B1000F9B0CC /* Debug */,
				8B668C6F229E7B1000F9B0CC /* Release */,
			);
			defaultConfigurationIsVisible = 0;
			defaultConfigurationName = Release;
		};
/* End XCConfigurationList section */
	};
	rootObject = 8B668C53229E7B0E00F9B0CC /* Project object */;
}
